
Microsoft Visual Studio Solution File, Format Version 12.00
# Visual Studio 15
VisualStudioVersion = 15.0.26730.12
MinimumVisualStudioVersion = 10.0.40219.1
Project("{FAE04EC0-301F-11D3-BF4B-00C04F79EFBC}") = "MvcMusicStore-Thu-F2017", "MvcMusicStore-Thu-F2017\MvcMusicStore-Thu-F2017.csproj", "{D60E8144-B923-4656-87A2-50E6B286CF36}"
EndProject
Project("{FAE04EC0-301F-11D3-BF4B-00C04F79EFBC}") = "MvcMusicStore-Thu-F2017.Tests", "MvcMusicStore-Thu-F2017.Tests\MvcMusicStore-Thu-F2017.Tests.csproj", "{735D1C76-540E-4FD9-BE98-934B587ECC27}"
EndProject
Global
	GlobalSection(SolutionConfigurationPlatforms) = preSolution
		Debug|Any CPU = Debug|Any CPU
		Release|Any CPU = Release|Any CPU
	EndGlobalSection
	GlobalSection(ProjectConfigurationPlatforms) = postSolution
		{D60E8144-B923-4656-87A2-50E6B286CF36}.Debug|Any CPU.ActiveCfg = Debug|Any CPU
		{D60E8144-B923-4656-87A2-50E6B286CF36}.Debug|Any CPU.Build.0 = Debug|Any CPU
		{D60E8144-B923-4656-87A2-50E6B286CF36}.Release|Any CPU.ActiveCfg = Release|Any CPU
		{D60E8144-B923-4656-87A2-50E6B286CF36}.Release|Any CPU.Build.0 = Release|Any CPU
		{735D1C76-540E-4FD9-BE98-934B587ECC27}.Debug|Any CPU.ActiveCfg = Debug|Any CPU
		{735D1C76-540E-4FD9-BE98-934B587ECC27}.Debug|Any CPU.Build.0 = Debug|Any CPU
		{735D1C76-540E-4FD9-BE98-934B587ECC27}.Release|Any CPU.ActiveCfg = Release|Any CPU
		{735D1C76-540E-4FD9-BE98-934B587ECC27}.Release|Any CPU.Build.0 = Release|Any CPU
	EndGlobalSection
	GlobalSection(SolutionProperties) = preSolution
		HideSolutionNode = FALSE
	EndGlobalSection
	GlobalSection(ExtensibilityGlobals) = postSolution
		SolutionGuid = {69F8B4CE-CC04-43E6-9B8F-EE24DC64AEA6}
	EndGlobalSection
EndGlobal
